
Microsoft Visual Studio Solution File, Format Version 12.00
# Visual Studio Version 17
VisualStudioVersion = 17.0.31903.59
MinimumVisualStudioVersion = 10.0.40219.1
Project("{FAE04EC0-301F-11D3-BF4B-00C04F79EFBC}") = "API", "API\API.csproj", "{17DC448B-8206-49F2-9F75-F2C9C7FA77EC}"
EndProject
Global
	GlobalSection(SolutionConfigurationPlatforms) = preSolution
		Debug|Any CPU = Debug|Any CPU
		Release|Any CPU = Release|Any CPU
	EndGlobalSection
	GlobalSection(SolutionProperties) = preSolution
		HideSolutionNode = FALSE
	EndGlobalSection
	GlobalSection(ProjectConfigurationPlatforms) = postSolution
		{17DC448B-8206-49F2-9F75-F2C9C7FA77EC}.Debug|Any CPU.ActiveCfg = Debug|Any CPU
		{17DC448B-8206-49F2-9F75-F2C9C7FA77EC}.Debug|Any CPU.Build.0 = Debug|Any CPU
		{17DC448B-8206-49F2-9F75-F2C9C7FA77EC}.Release|Any CPU.ActiveCfg = Release|Any CPU
		{17DC448B-8206-49F2-9F75-F2C9C7FA77EC}.Release|Any CPU.Build.0 = Release|Any CPU
	EndGlobalSection
EndGlobal
